
Microsoft Visual Studio Solution File, Format Version 12.00
# Visual Studio Version 17
VisualStudioVersion = 17.9.34622.214
MinimumVisualStudioVersion = 10.0.40219.1
Project("{FAE04EC0-301F-11D3-BF4B-00C04F79EFBC}") = "QuizDhia2", "QuizDhia2\QuizDhia2.csproj", "{F5985067-0854-499C-9F21-BC228E18769F}"
EndProject
Global
	GlobalSection(SolutionConfigurationPlatforms) = preSolution
		Debug|Any CPU = Debug|Any CPU
		Release|Any CPU = Release|Any CPU
	EndGlobalSection
	GlobalSection(ProjectConfigurationPlatforms) = postSolution
		{F5985067-0854-499C-9F21-BC228E18769F}.Debug|Any CPU.ActiveCfg = Debug|Any CPU
		{F5985067-0854-499C-9F21-BC228E18769F}.Debug|Any CPU.Build.0 = Debug|Any CPU
		{F5985067-0854-499C-9F21-BC228E18769F}.Release|Any CPU.ActiveCfg = Release|Any CPU
		{F5985067-0854-499C-9F21-BC228E18769F}.Release|Any CPU.Build.0 = Release|Any CPU
	EndGlobalSection
	GlobalSection(SolutionProperties) = preSolution
		HideSolutionNode = FALSE
	EndGlobalSection
	GlobalSection(ExtensibilityGlobals) = postSolution
		SolutionGuid = {53292FDD-670A-45F4-8D0C-4FB8D42AD336}
	EndGlobalSection
EndGlobal
